
Microsoft Visual Studio Solution File, Format Version 12.00
# Visual Studio Version 16
VisualStudioVersion = 16.0.29806.167
MinimumVisualStudioVersion = 10.0.40219.1
Project("{FAE04EC0-301F-11D3-BF4B-00C04F79EFBC}") = "Maximum_Problems_Using_Generic", "Maximum_Problems_Using_Generic\Maximum_Problems_Using_Generic.csproj", "{EF901AE9-DE72-40BE-8366-33F5394D7CD2}"
EndProject
Project("{FAE04EC0-301F-11D3-BF4B-00C04F79EFBC}") = "MaximumNumberTest", "MaximumNumberTest\MaximumNumberTest.csproj", "{D1B6C0E5-A31A-45DF-A1A7-21067D05224C}"
EndProject
Global
	GlobalSection(SolutionConfigurationPlatforms) = preSolution
		Debug|Any CPU = Debug|Any CPU
		Release|Any CPU = Release|Any CPU
	EndGlobalSection
	GlobalSection(ProjectConfigurationPlatforms) = postSolution
		{EF901AE9-DE72-40BE-8366-33F5394D7CD2}.Debug|Any CPU.ActiveCfg = Debug|Any CPU
		{EF901AE9-DE72-40BE-8366-33F5394D7CD2}.Debug|Any CPU.Build.0 = Debug|Any CPU
		{EF901AE9-DE72-40BE-8366-33F5394D7CD2}.Release|Any CPU.ActiveCfg = Release|Any CPU
		{EF901AE9-DE72-40BE-8366-33F5394D7CD2}.Release|Any CPU.Build.0 = Release|Any CPU
		{D1B6C0E5-A31A-45DF-A1A7-21067D05224C}.Debug|Any CPU.ActiveCfg = Debug|Any CPU
		{D1B6C0E5-A31A-45DF-A1A7-21067D05224C}.Debug|Any CPU.Build.0 = Debug|Any CPU
		{D1B6C0E5-A31A-45DF-A1A7-21067D05224C}.Release|Any CPU.ActiveCfg = Release|Any CPU
		{D1B6C0E5-A31A-45DF-A1A7-21067D05224C}.Release|Any CPU.Build.0 = Release|Any CPU
	EndGlobalSection
	GlobalSection(SolutionProperties) = preSolution
		HideSolutionNode = FALSE
	EndGlobalSection
	GlobalSection(ExtensibilityGlobals) = postSolution
		SolutionGuid = {FA9749C6-8982-4016-9D92-3631F4A5ABC8}
	EndGlobalSection
EndGlobal
